{
  "name": "process-document",
  "version": "1.0.0",
  "lockfileVersion": 1,
  "requires": true,
  "dependencies": {
    "autocorrect": {
      "version": "1.2.0",
      "resolved": "https://registry.npmjs.org/autocorrect/-/autocorrect-1.2.0.tgz",
      "integrity": "sha512-+RbvUM8d/V1e8xSOEW3oi0kWFe+T5WD+hGyqPaVKngEZW7vTFGSJOy+vvEa9PZeqIq5U9WHd9gX7hlsFKonaRg==",
      "requires": {
        "leven": "^2.0.0",
        "word-list": "^1.0.1"
      }
    },
    "husky": {
      "version": "8.0.3",
      "resolved": "https://registry.npmjs.org/husky/-/husky-8.0.3.tgz",
      "integrity": "sha512-+dQSyqPh4x1hlO1swXBiNb2HzTDN1I2IGLQx1GrBuiqFJfoMrnZWwVmatvSiO+Iz8fBUnf+lekwNo4c2LlXItg==",
      "dev": true
    },
    "leven": {
      "version": "2.1.0",
      "resolved": "https://registry.npmjs.org/leven/-/leven-2.1.0.tgz",
      "integrity": "sha512-nvVPLpIHUxCUoRLrFqTgSxXJ614d8AgQoWl7zPe/2VadE8+1dpU3LBhowRuBAcuwruWtOdD8oYC9jDNJjXDPyA=="
    },
    "word-list": {
      "version": "1.0.1",
      "resolved": "https://registry.npmjs.org/word-list/-/word-list-1.0.1.tgz",
      "integrity": "sha512-f9TaupdTMV4Rmf6l2vw1O7P6nSqE8mOdIbGWddjcWQ11JoIdn+IMu8yCxeSp0LrCMJG2Qi1KE3ZcVN/QEPiE7Q=="
    }
  }
}
